// !$*UTF8*$!
{
	archiveVersion = 1;
	classes = {
	};
	objectVersion = 55;
	objects = {

/* Begin PBXBuildFile section */
		4C0BC10929123B26004291E5 /* Constants.swift in Sources */ = {isa = PBXBuildFile; fileRef = 4C0BC10829123B26004291E5 /* Constants.swift */; };
		4C0BC10B29123C2A004291E5 /* DogApiResponse.swift in Sources */ = {isa = PBXBuildFile; fileRef = 4C0BC10A29123C2A004291E5 /* DogApiResponse.swift */; };
		4C5ECFC6290E9F9A00BA0DEE /* AppDelegate.swift in Sources */ = {isa = PBXBuildFile; fileRef = 4C5ECFC5290E9F9A00BA0DEE /* AppDelegate.swift */; };
		4C5ECFC8290E9F9A00BA0DEE /* SceneDelegate.swift in Sources */ = {isa = PBXBuildFile; fileRef = 4C5ECFC7290E9F9A00BA0DEE /* SceneDelegate.swift */; };
		4C5ECFCA290E9F9A00BA0DEE /* ViewController.swift in Sources */ = {isa = PBXBuildFile; fileRef = 4C5ECFC9290E9F9A00BA0DEE /* ViewController.swift */; };
		4C5ECFCD290E9F9A00BA0DEE /* Main.storyboard in Resources */ = {isa = PBXBuildFile; fileRef = 4C5ECFCB290E9F9A00BA0DEE /* Main.storyboard */; };
		4C5ECFCF290E9F9A00BA0DEE /* Assets.xcassets in Resources */ = {isa = PBXBuildFile; fileRef = 4C5ECFCE290E9F9A00BA0DEE /* Assets.xcassets */; };
		4C5ECFD2290E9F9A00BA0DEE /* LaunchScreen.storyboard in Resources */ = {isa = PBXBuildFile; fileRef = 4C5ECFD0290E9F9A00BA0DEE /* LaunchScreen.storyboard */; };
		B11DBADC01C0902994AB1602 /* Pods_DogImageApp.framework in Frameworks */ = {isa = PBXBuildFile; fileRef = 053C807B5E12D1CCC3666DC1 /* Pods_DogImageApp.framework */; };
/* End PBXBuildFile section */

/* Begin PBXFileReference section */
		053C807B5E12D1CCC3666DC1 /* Pods_DogImageApp.framework */ = {isa = PBXFileReference; explicitFileType = wrapper.framework; includeInIndex = 0; path = Pods_DogImageApp.framework; sourceTree = BUILT_PRODUCTS_DIR; };
		20334F6BF3E01823FECE9F8E /* Pods-DogImageApp.release.xcconfig */ = {isa = PBXFileReference; includeInIndex = 1; lastKnownFileType = text.xcconfig; name = "Pods-DogImageApp.release.xcconfig"; path = "Target Support Files/Pods-DogImageApp/Pods-DogImageApp.release.xcconfig"; sourceTree = "<group>"; };
		4C0BC10829123B26004291E5 /* Constants.swift */ = {isa = PBXFileReference; lastKnownFileType = sourcecode.swift; path = Constants.swift; sourceTree = "<group>"; };
		4C0BC10A29123C2A004291E5 /* DogApiResponse.swift */ = {isa = PBXFileReference; lastKnownFileType = sourcecode.swift; path = DogApiResponse.swift; sourceTree = "<group>"; };
		4C5ECFC2290E9F9A00BA0DEE /* DogImageApp.app */ = {isa = PBXFileReference; explicitFileType = wrapper.application; includeInIndex = 0; path = DogImageApp.app; sourceTree = BUILT_PRODUCTS_DIR; };
		4C5ECFC5290E9F9A00BA0DEE /* AppDelegate.swift */ = {isa = PBXFileReference; lastKnownFileType = sourcecode.swift; path = AppDelegate.swift; sourceTree = "<group>"; };
		4C5ECFC7290E9F9A00BA0DEE /* SceneDelegate.swift */ = {isa = PBXFileReference; lastKnownFileType = sourcecode.swift; path = SceneDelegate.swift; sourceTree = "<group>"; };
		4C5ECFC9290E9F9A00BA0DEE /* ViewController.swift */ = {isa = PBXFileReference; lastKnownFileType = sourcecode.swift; path = ViewController.swift; sourceTree = "<group>"; };
		4C5ECFCC290E9F9A00BA0DEE /* Base */ = {isa = PBXFileReference; lastKnownFileType = file.storyboard; name = Base; path = Base.lproj/Main.storyboard; sourceTree = "<group>"; };
		4C5ECFCE290E9F9A00BA0DEE /* Assets.xcassets */ = {isa = PBXFileReference; lastKnownFileType = folder.assetcatalog; path = Assets.xcassets; sourceTree = "<group>"; };
		4C5ECFD1290E9F9A00BA0DEE /* Base */ = {isa = PBXFileReference; lastKnownFileType = file.storyboard; name = Base; path = Base.lproj/LaunchScreen.storyboard; sourceTree = "<group>"; };
		4C5ECFD3290E9F9A00BA0DEE /* Info.plist */ = {isa = PBXFileReference; lastKnownFileType = text.plist.xml; path = Info.plist; sourceTree = "<group>"; };
		6459F3434031215F15D44711 /* Pods-DogImageApp.debug.xcconfig */ = {isa = PBXFileReference; includeInIndex = 1; lastKnownFileType = text.xcconfig; name = "Pods-DogImageApp.debug.xcconfig"; path = "Target Support Files/Pods-DogImageApp/Pods-DogImageApp.debug.xcconfig"; sourceTree = "<group>"; };
/* End PBXFileReference section */

/* Begin PBXFrameworksBuildPhase section */
		4C5ECFBF290E9F9A00BA0DEE /* Frameworks */ = {
			isa = PBXFrameworksBuildPhase;
			buildActionMask = 2147483647;
			files = (
				B11DBADC01C0902994AB1602 /* Pods_DogImageApp.framework in Frameworks */,
			);
			runOnlyForDeploymentPostprocessing = 0;
		};
/* End PBXFrameworksBuildPhase section */

/* Begin PBXGroup section */
		37199B8FA0A2A9CEE6E47E8E /* Frameworks */ = {
			isa = PBXGroup;
			children = (
				053C807B5E12D1CCC3666DC1 /* Pods_DogImageApp.framework */,
			);
			name = Frameworks;
			sourceTree = "<group>";
		};
		4C5ECFB9290E9F9A00BA0DEE = {
			isa = PBXGroup;
			children = (
				4C5ECFC4290E9F9A00BA0DEE /* DogImageApp */,
				4C5ECFC3290E9F9A00BA0DEE /* Products */,
				8FEC5C17950C57B0F8948C6D /* Pods */,
				37199B8FA0A2A9CEE6E47E8E /* Frameworks */,
			);
			sourceTree = "<group>";
		};
		4C5ECFC3290E9F9A00BA0DEE /* Products */ = {
			isa = PBXGroup;
			children = (
				4C5ECFC2290E9F9A00BA0DEE /* DogImageApp.app */,
			);
			name = Products;
			sourceTree = "<group>";
		};
		4C5ECFC4290E9F9A00BA0DEE /* DogImageApp */ = {
			isa = PBXGroup;
			children = (
				4C5ECFC5290E9F9A00BA0DEE /* AppDelegate.swift */,
				4C5ECFC7290E9F9A00BA0DEE /* SceneDelegate.swift */,
				4C5ECFC9290E9F9A00BA0DEE /* ViewController.swift */,
				4C0BC10A29123C2A004291E5 /* DogApiResponse.swift */,
				4C0BC10829123B26004291E5 /* Constants.swift */,
				4C5ECFCB290E9F9A00BA0DEE /* Main.storyboard */,
				4C5ECFCE290E9F9A00BA0DEE /* Assets.xcassets */,
				4C5ECFD0290E9F9A00BA0DEE /* LaunchScreen.storyboard */,
				4C5ECFD3290E9F9A00BA0DEE /* Info.plist */,
			);
			path = DogImageApp;
			sourceTree = "<group>";
		};
		8FEC5C17950C57B0F8948C6D /* Pods */ = {
			isa = PBXGroup;
			children = (
				6459F3434031215F15D44711 /* Pods-DogImageApp.debug.xcconfig */,
				20334F6BF3E01823FECE9F8E /* Pods-DogImageApp.release.xcconfig */,
			);
			path = Pods;
			sourceTree = "<group>";
		};
/* End PBXGroup section */

/* Begin PBXNativeTarget section */
		4C5ECFC1290E9F9A00BA0DEE /* DogImageApp */ = {
			isa = PBXNativeTarget;
			buildConfigurationList = 4C5ECFD6290E9F9A00BA0DEE /* Build configuration list for PBXNativeTarget "DogImageApp" */;
			buildPhases = (
				D2C9C194172DFDE4344CFD70 /* [CP] Check Pods Manifest.lock */,
				4C5ECFBE290E9F9A00BA0DEE /* Sources */,
				4C5ECFBF290E9F9A00BA0DEE /* Frameworks */,
				4C5ECFC0290E9F9A00BA0DEE /* Resources */,
				935F6E41DBAE10CC68D6FE20 /* [CP] Embed Pods Frameworks */,
			);
			buildRules = (
			);
			dependencies = (
			);
			name = DogImageApp;
			productName = DogImageApp;
			productReference = 4C5ECFC2290E9F9A00BA0DEE /* DogImageApp.app */;
			productType = "com.apple.product-type.application";
		};
/* End PBXNativeTarget section */

/* Begin PBXProject section */
		4C5ECFBA290E9F9A00BA0DEE /* Project object */ = {
			isa = PBXProject;
			attributes = {
				BuildIndependentTargetsInParallel = 1;
				LastSwiftUpdateCheck = 1400;
				LastUpgradeCheck = 1400;
				TargetAttributes = {
					4C5ECFC1290E9F9A00BA0DEE = {
						CreatedOnToolsVersion = 14.0.1;
					};
				};
			};
			buildConfigurationList = 4C5ECFBD290E9F9A00BA0DEE /* Build configuration list for PBXProject "DogImageApp" */;
			compatibilityVersion = "Xcode 13.0";
			developmentRegion = en;
			hasScannedForEncodings = 0;
			knownRegions = (
				en,
				Base,
			);
			mainGroup = 4C5ECFB9290E9F9A00BA0DEE;
			productRefGroup = 4C5ECFC3290E9F9A00BA0DEE /* Products */;
			projectDirPath = "";
			projectRoot = "";
			targets = (
				4C5ECFC1290E9F9A00BA0DEE /* DogImageApp */,
			);
		};
/* End PBXProject section */

/* Begin PBXResourcesBuildPhase section */
		4C5ECFC0290E9F9A00BA0DEE /* Resources */ = {
			isa = PBXResourcesBuildPhase;
			buildActionMask = 2147483647;
			files = (
				4C5ECFD2290E9F9A00BA0DEE /* LaunchScreen.storyboard in Resources */,
				4C5ECFCF290E9F9A00BA0DEE /* Assets.xcassets in Resources */,
				4C5ECFCD290E9F9A00BA0DEE /* Main.storyboard in Resources */,
			);
			runOnlyForDeploymentPostprocessing = 0;
		};
/* End PBXResourcesBuildPhase section */

/* Begin PBXShellScriptBuildPhase section */
		935F6E41DBAE10CC68D6FE20 /* [CP] Embed Pods Frameworks */ = {
			isa = PBXShellScriptBuildPhase;
			buildActionMask = 2147483647;
			files = (
			);
			inputFileListPaths = (
				"${PODS_ROOT}/Target Support Files/Pods-DogImageApp/Pods-DogImageApp-frameworks-${CONFIGURATION}-input-files.xcfilelist",
			);
			name = "[CP] Embed Pods Frameworks";
			outputFileListPaths = (
				"${PODS_ROOT}/Target Support Files/Pods-DogImageApp/Pods-DogImageApp-frameworks-${CONFIGURATION}-output-files.xcfilelist",
			);
			runOnlyForDeploymentPostprocessing = 0;
			shellPath = /bin/sh;
			shellScript = "\"${PODS_ROOT}/Target Support Files/Pods-DogImageApp/Pods-DogImageApp-frameworks.sh\"\n";
			showEnvVarsInLog = 0;
		};
		D2C9C194172DFDE4344CFD70 /* [CP] Check Pods Manifest.lock */ = {
			isa = PBXShellScriptBuildPhase;
			buildActionMask = 2147483647;
			files = (
			);
			inputFileListPaths = (
			);
			inputPaths = (
				"${PODS_PODFILE_DIR_PATH}/Podfile.lock",
				"${PODS_ROOT}/Manifest.lock",
			);
			name = "[CP] Check Pods Manifest.lock";
			outputFileListPaths = (
			);
			outputPaths = (
				"$(DERIVED_FILE_DIR)/Pods-DogImageApp-checkManifestLockResult.txt",
			);
			runOnlyForDeploymentPostprocessing = 0;
			shellPath = /bin/sh;
			shellScript = "diff \"${PODS_PODFILE_DIR_PATH}/Podfile.lock\" \"${PODS_ROOT}/Manifest.lock\" > /dev/null\nif [ $? != 0 ] ; then\n    # print error to STDERR\n    echo \"error: The sandbox is not in sync with the Podfile.lock. Run 'pod install' or update your CocoaPods installation.\" >&2\n    exit 1\nfi\n# This output is used by Xcode 'outputs' to avoid re-running this script phase.\necho \"SUCCESS\" > \"${SCRIPT_OUTPUT_FILE_0}\"\n";
			showEnvVarsInLog = 0;
		};
/* End PBXShellScriptBuildPhase section */

/* Begin PBXSourcesBuildPhase section */
		4C5ECFBE290E9F9A00BA0DEE /* Sources */ = {
			isa = PBXSourcesBuildPhase;
			buildActionMask = 2147483647;
			files = (
				4C0BC10929123B26004291E5 /* Constants.swift in Sources */,
				4C5ECFCA290E9F9A00BA0DEE /* ViewController.swift in Sources */,
				4C0BC10B29123C2A004291E5 /* DogApiResponse.swift in Sources */,
				4C5ECFC6290E9F9A00BA0DEE /* AppDelegate.swift in Sources */,
				4C5ECFC8290E9F9A00BA0DEE /* SceneDelegate.swift in Sources */,
			);
			runOnlyForDeploymentPostprocessing = 0;
		};
/* End PBXSourcesBuildPhase section */

/* Begin PBXVariantGroup section */
		4C5ECFCB290E9F9A00BA0DEE /* Main.storyboard */ = {
			isa = PBXVariantGroup;
			children = (
				4C5ECFCC290E9F9A00BA0DEE /* Base */,
			);
			name = Main.storyboard;
			sourceTree = "<group>";
		};
		4C5ECFD0290E9F9A00BA0DEE /* LaunchScreen.storyboard */ = {
			isa = PBXVariantGroup;
			children = (
				4C5ECFD1290E9F9A00BA0DEE /* Base */,
			);
			name = LaunchScreen.storyboard;
			sourceTree = "<group>";
		};
/* End PBXVariantGroup section */

/* Begin XCBuildConfiguration section */
		4C5ECFD4290E9F9A00BA0DEE /* Debug */ = {
			isa = XCBuildConfiguration;
			buildSettings = {
				ALWAYS_SEARCH_USER_PATHS = NO;
				CLANG_ANALYZER_NONNULL = YES;
				CLANG_ANALYZER_NUMBER_OBJECT_CONVERSION = YES_AGGRESSIVE;
				CLANG_CXX_LANGUAGE_STANDARD = "gnu++20";
				CLANG_ENABLE_MODULES = YES;
				CLANG_ENABLE_OBJC_ARC = YES;
				CLANG_ENABLE_OBJC_WEAK = YES;
				CLANG_WARN_BLOCK_CAPTURE_AUTORELEASING = YES;
				CLANG_WARN_BOOL_CONVERSION = YES;
				CLANG_WARN_COMMA = YES;
				CLANG_WARN_CONSTANT_CONVERSION = YES;
				CLANG_WARN_DEPRECATED_OBJC_IMPLEMENTATIONS = YES;
				CLANG_WARN_DIRECT_OBJC_ISA_USAGE = YES_ERROR;
				CLANG_WARN_DOCUMENTATION_COMMENTS = YES;
				CLANG_WARN_EMPTY_BODY = YES;
				CLANG_WARN_ENUM_CONVERSION = YES;
				CLANG_WARN_INFINITE_RECURSION = YES;
				CLANG_WARN_INT_CONVERSION = YES;
				CLANG_WARN_NON_LITERAL_NULL_CONVERSION = YES;
				CLANG_WARN_OBJC_IMPLICIT_RETAIN_SELF = YES;
				CLANG_WARN_OBJC_LITERAL_CONVERSION = YES;
				CLANG_WARN_OBJC_ROOT_CLASS = YES_ERROR;
				CLANG_WARN_QUOTED_INCLUDE_IN_FRAMEWORK_HEADER = YES;
				CLANG_WARN_RANGE_LOOP_ANALYSIS = YES;
				CLANG_WARN_STRICT_PROTOTYPES = YES;
				CLANG_WARN_SUSPICIOUS_MOVE = YES;
				CLANG_WARN_UNGUARDED_AVAILABILITY = YES_AGGRESSIVE;
				CLANG_WARN_UNREACHABLE_CODE = YES;
				CLANG_WARN__DUPLICATE_METHOD_MATCH = YES;
				COPY_PHASE_STRIP = NO;
				DEBUG_INFORMATION_FORMAT = dwarf;
				ENABLE_STRICT_OBJC_MSGSEND = YES;
				ENABLE_TESTABILITY = YES;
				GCC_C_LANGUAGE_STANDARD = gnu11;
				GCC_DYNAMIC_NO_PIC = NO;
				GCC_NO_COMMON_BLOCKS = YES;
				GCC_OPTIMIZATION_LEVEL = 0;
				GCC_PREPROCESSOR_DEFINITIONS = (
					"DEBUG=1",
					"$(inherited)",
				);
				GCC_WARN_64_TO_32_BIT_CONVERSION = YES;
				GCC_WARN_ABOUT_RETURN_TYPE = YES_ERROR;
				GCC_WARN_UNDECLARED_SELECTOR = YES;
				GCC_WARN_UNINITIALIZED_AUTOS = YES_AGGRESSIVE;
				GCC_WARN_UNUSED_FUNCTION = YES;
				GCC_WARN_UNUSED_VARIABLE = YES;
				IPHONEOS_DEPLOYMENT_TARGET = 16.0;
				MTL_ENABLE_DEBUG_INFO = INCLUDE_SOURCE;
				MTL_FAST_MATH = YES;
				ONLY_ACTIVE_ARCH = YES;
				SDKROOT = iphoneos;
				SWIFT_ACTIVE_COMPILATION_CONDITIONS = DEBUG;
				SWIFT_OPTIMIZATION_LEVEL = "-Onone";
			};
			name = Debug;
		};
		4C5ECFD5290E9F9A00BA0DEE /* Release */ = {
			isa = XCBuildConfiguration;
			buildSettings = {
				ALWAYS_SEARCH_USER_PATHS = NO;
				CLANG_ANALYZER_NONNULL = YES;
				CLANG_ANALYZER_NUMBER_OBJECT_CONVERSION = YES_AGGRESSIVE;
				CLANG_CXX_LANGUAGE_STANDARD = "gnu++20";
				CLANG_ENABLE_MODULES = YES;
				CLANG_ENABLE_OBJC_ARC = YES;
				CLANG_ENABLE_OBJC_WEAK = YES;
				CLANG_WARN_BLOCK_CAPTURE_AUTORELEASING = YES;
				CLANG_WARN_BOOL_CONVERSION = YES;
				CLANG_WARN_COMMA = YES;
				CLANG_WARN_CONSTANT_CONVERSION = YES;
				CLANG_WARN_DEPRECATED_OBJC_IMPLEMENTATIONS = YES;
				CLANG_WARN_DIRECT_OBJC_ISA_USAGE = YES_ERROR;
				CLANG_WARN_DOCUMENTATION_COMMENTS = YES;
				CLANG_WARN_EMPTY_BODY = YES;
				CLANG_WARN_ENUM_CONVERSION = YES;
				CLANG_WARN_INFINITE_RECURSION = YES;
				CLANG_WARN_INT_CONVERSION = YES;
				CLANG_WARN_NON_LITERAL_NULL_CONVERSION = YES;
				CLANG_WARN_OBJC_IMPLICIT_RETAIN_SELF = YES;
				CLANG_WARN_OBJC_LITERAL_CONVERSION = YES;
				CLANG_WARN_OBJC_ROOT_CLASS = YES_ERROR;
				CLANG_WARN_QUOTED_INCLUDE_IN_FRAMEWORK_HEADER = YES;
				CLANG_WARN_RANGE_LOOP_ANALYSIS = YES;
				CLANG_WARN_STRICT_PROTOTYPES = YES;
				CLANG_WARN_SUSPICIOUS_MOVE = YES;
				CLANG_WARN_UNGUARDED_AVAILABILITY = YES_AGGRESSIVE;
				CLANG_WARN_UNREACHABLE_CODE = YES;
				CLANG_WARN__DUPLICATE_METHOD_MATCH = YES;
				COPY_PHASE_STRIP = NO;
				DEBUG_INFORMATION_FORMAT = "dwarf-with-dsym";
				ENABLE_NS_ASSERTIONS = NO;
				ENABLE_STRICT_OBJC_MSGSEND = YES;
				GCC_C_LANGUAGE_STANDARD = gnu11;
				GCC_NO_COMMON_BLOCKS = YES;
				GCC_WARN_64_TO_32_BIT_CONVERSION = YES;
				GCC_WARN_ABOUT_RETURN_TYPE = YES_ERROR;
				GCC_WARN_UNDECLARED_SELECTOR = YES;
				GCC_WARN_UNINITIALIZED_AUTOS = YES_AGGRESSIVE;
				GCC_WARN_UNUSED_FUNCTION = YES;
				GCC_WARN_UNUSED_VARIABLE = YES;
				IPHONEOS_DEPLOYMENT_TARGET = 16.0;
				MTL_ENABLE_DEBUG_INFO = NO;
				MTL_FAST_MATH = YES;
				SDKROOT = iphoneos;
				SWIFT_COMPILATION_MODE = wholemodule;
				SWIFT_OPTIMIZATION_LEVEL = "-O";
				VALIDATE_PRODUCT = YES;
			};
			name = Release;
		};
		4C5ECFD7290E9F9A00BA0DEE /* Debug */ = {
			isa = XCBuildConfiguration;
			baseConfigurationReference = 6459F3434031215F15D44711 /* Pods-DogImageApp.debug.xcconfig */;
			buildSettings = {
				ASSETCATALOG_COMPILER_APPICON_NAME = AppIcon;
				ASSETCATALOG_COMPILER_GLOBAL_ACCENT_COLOR_NAME = AccentColor;
				CODE_SIGN_STYLE = Automatic;
				CURRENT_PROJECT_VERSION = 1;
				DEVELOPMENT_TEAM = LX584BU6T7;
				GENERATE_INFOPLIST_FILE = YES;
				INFOPLIST_FILE = DogImageApp/Info.plist;
				INFOPLIST_KEY_UIApplicationSupportsIndirectInputEvents = YES;
				INFOPLIST_KEY_UILaunchStoryboardName = LaunchScreen;
				INFOPLIST_KEY_UIMainStoryboardFile = Main;
				INFOPLIST_KEY_UISupportedInterfaceOrientations = "UIInterfaceOrientationLandscapeLeft UIInterfaceOrientationLandscapeRight UIInterfaceOrientationPortrait UIInterfaceOrientationPortraitUpsideDown";
				IPHONEOS_DEPLOYMENT_TARGET = 14.0;
				LD_RUNPATH_SEARCH_PATHS = (
					"$(inherited)",
					"@executable_path/Frameworks",
				);
				MARKETING_VERSION = 1.0;
				PRODUCT_BUNDLE_IDENTIFIER = com.hara.DogImageApp;
				PRODUCT_NAME = "$(TARGET_NAME)";
				SWIFT_EMIT_LOC_STRINGS = YES;
				SWIFT_VERSION = 5.0;
				TARGETED_DEVICE_FAMILY = "1,2";
			};
			name = Debug;
		};
		4C5ECFD8290E9F9A00BA0DEE /* Release */ = {
			isa = XCBuildConfiguration;
			baseConfigurationReference = 20334F6BF3E01823FECE9F8E /* Pods-DogImageApp.release.xcconfig */;
			buildSettings = {
				ASSETCATALOG_COMPILER_APPICON_NAME = AppIcon;
				ASSETCATALOG_COMPILER_GLOBAL_ACCENT_COLOR_NAME = AccentColor;
				CODE_SIGN_STYLE = Automatic;
				CURRENT_PROJECT_VERSION = 1;
				DEVELOPMENT_TEAM = LX584BU6T7;
				GENERATE_INFOPLIST_FILE = YES;
				INFOPLIST_FILE = DogImageApp/Info.plist;
				INFOPLIST_KEY_UIApplicationSupportsIndirectInputEvents = YES;
				INFOPLIST_KEY_UILaunchStoryboardName = LaunchScreen;
				INFOPLIST_KEY_UIMainStoryboardFile = Main;
				INFOPLIST_KEY_UISupportedInterfaceOrientations = "UIInterfaceOrientationLandscapeLeft UIInterfaceOrientationLandscapeRight UIInterfaceOrientationPortrait UIInterfaceOrientationPortraitUpsideDown";
				IPHONEOS_DEPLOYMENT_TARGET = 14.0;
				LD_RUNPATH_SEARCH_PATHS = (
					"$(inherited)",
					"@executable_path/Frameworks",
				);
				MARKETING_VERSION = 1.0;
				PRODUCT_BUNDLE_IDENTIFIER = com.hara.DogImageApp;
				PRODUCT_NAME = "$(TARGET_NAME)";
				SWIFT_EMIT_LOC_STRINGS = YES;
				SWIFT_VERSION = 5.0;
				TARGETED_DEVICE_FAMILY = "1,2";
			};
			name = Release;
		};
/* End XCBuildConfiguration section */

/* Begin XCConfigurationList section */
		4C5ECFBD290E9F9A00BA0DEE /* Build configuration list for PBXProject "DogImageApp" */ = {
			isa = XCConfigurationList;
			buildConfigurations = (
				4C5ECFD4290E9F9A00BA0DEE /* Debug */,
				4C5ECFD5290E9F9A00BA0DEE /* Release */,
			);
			defaultConfigurationIsVisible = 0;
			defaultConfigurationName = Release;
		};
		4C5ECFD6290E9F9A00BA0DEE /* Build configuration list for PBXNativeTarget "DogImageApp" */ = {
			isa = XCConfigurationList;
			buildConfigurations = (
				4C5ECFD7290E9F9A00BA0DEE /* Debug */,
				4C5ECFD8290E9F9A00BA0DEE /* Release */,
			);
			defaultConfigurationIsVisible = 0;
			defaultConfigurationName = Release;
		};
/* End XCConfigurationList section */
	};
	rootObject = 4C5ECFBA290E9F9A00BA0DEE /* Project object */;
}
